{
  "name": "test-sub",
  "version": "0.1.2",
  "lockfileVersion": 1,
  "requires": true,
  "dependencies": {
    "@babel/parser": {
      "version": "7.24.8",
      "resolved": "http://localhost:4873/@babel/parser/-/parser-7.24.8.tgz",
      "integrity": "sha512-WzfbgXOkGzZiXXCqk43kKwZjzwx4oulxZi3nq2TYL9mOjQv6kYwul9mz6ID36njuL7Xkp6nJEfok848Zj10j/w==",
      "dev": true
    },
    "@vue/compiler-sfc": {
      "version": "2.7.16",
      "resolved": "http://localhost:4873/@vue/compiler-sfc/-/compiler-sfc-2.7.16.tgz",
      "integrity": "sha512-KWhJ9k5nXuNtygPU7+t1rX6baZeqOYLEforUPjgNDBnLicfHCoi48H87Q8XyLZOrNNsmhuwKqtpDQWjEFe6Ekg==",
      "dev": true,
      "requires": {
        "@babel/parser": "^7.23.5",
        "postcss": "^8.4.14",
        "prettier": "^1.18.2 || ^2.0.0",
        "source-map": "^0.6.1"
      }
    },
    "core-js": {
      "version": "3.37.1",
      "resolved": "http://localhost:4873/core-js/-/core-js-3.37.1.tgz",
      "integrity": "sha512-Xn6qmxrQZyB0FFY8E3bgRXei3lWDJHhvI+u0q9TKIYM49G8pAr0FgnnrFRAmsbptZL1yxRADVXn+x5AGsbBfyw==",
      "dev": true
    },
    "csstype": {
      "version": "3.1.3",
      "resolved": "http://localhost:4873/csstype/-/csstype-3.1.3.tgz",
      "integrity": "sha512-M1uQkMl8rQK/szD0LNhtqxIPLpimGm8sOBwU7lLnCpSbTyY3yeU1Vc7l4KT5zT4s/yOxHH5O7tIuuLOCnLADRw==",
      "dev": true
    },
    "nanoid": {
      "version": "3.3.7",
      "resolved": "http://localhost:4873/nanoid/-/nanoid-3.3.7.tgz",
      "integrity": "sha512-eSRppjcPIatRIMC1U6UngP8XFcz8MQWGQdt1MTBQ7NaAmvXDfvNxbvWV3x2y6CdEUciCSsDHDQZbhYaB8QEo2g==",
      "dev": true
    },
    "picocolors": {
      "version": "1.0.1",
      "resolved": "http://localhost:4873/picocolors/-/picocolors-1.0.1.tgz",
      "integrity": "sha512-anP1Z8qwhkbmu7MFP5iTt+wQKXgwzf7zTyGlcdzabySa9vd0Xt392U0rVmz9poOaBj0uHJKyyo9/upk0HrEQew==",
      "dev": true
    },
    "postcss": {
      "version": "8.4.39",
      "resolved": "http://localhost:4873/postcss/-/postcss-8.4.39.tgz",
      "integrity": "sha512-0vzE+lAiG7hZl1/9I8yzKLx3aR9Xbof3fBHKunvMfOCYAtMhrsnccJY2iTURb9EZd5+pLuiNV9/c/GZJOHsgIw==",
      "dev": true,
      "requires": {
        "nanoid": "^3.3.7",
        "picocolors": "^1.0.1",
        "source-map-js": "^1.2.0"
      }
    },
    "prettier": {
      "version": "2.8.8",
      "resolved": "http://localhost:4873/prettier/-/prettier-2.8.8.tgz",
      "integrity": "sha512-tdN8qQGvNjw4CHbY+XXk0JgCXn9QiF21a55rBe5LJAU+kDyC4WQn4+awm2Xfk2lQMk5fKup9XgzTZtGkjBdP9Q==",
      "dev": true,
      "optional": true
    },
    "source-map": {
      "version": "0.6.1",
      "resolved": "http://localhost:4873/source-map/-/source-map-0.6.1.tgz",
      "integrity": "sha512-UjgapumWlbMhkBgzT7Ykc5YXUT46F0iKu8SGXq0bcwP5dz/h0Plj6enJqjz1Zbq2l5WaqYnrVbwWOWMyF3F47g==",
      "dev": true
    },
    "source-map-js": {
      "version": "1.2.0",
      "resolved": "http://localhost:4873/source-map-js/-/source-map-js-1.2.0.tgz",
      "integrity": "sha512-itJW8lvSA0TXEphiRoawsCksnlf8SyvmFzIhltqAHluXd88pkCd+cXJVHTDwdCr0IzwptSm035IHQktUu1QUMg==",
      "dev": true
    },
    "test-main": {
      "version": "0.1.4",
      "resolved": "http://localhost:4873/test-main/-/test-main-0.1.4.tgz",
      "integrity": "sha512-+Cwp8t4pQ1E2oPEhcFdWcR+k+WwGJfNd+qvbsZQPOMybrePC9wZiu7d1blx7CeFe7Qeu1m9cEGs0msaY/yqglA==",
      "dev": true,
      "requires": {
        "core-js": "^3.8.3",
        "vue": "^2.6.14",
        "vue-router": "^3.5.1",
        "vuex": "^3.6.2"
      }
    },
    "vue": {
      "version": "2.7.16",
      "resolved": "http://localhost:4873/vue/-/vue-2.7.16.tgz",
      "integrity": "sha512-4gCtFXaAA3zYZdTp5s4Hl2sozuySsgz4jy1EnpBHNfpMa9dK1ZCG7viqBPCwXtmgc8nHqUsAu3G4gtmXkkY3Sw==",
      "dev": true,
      "requires": {
        "@vue/compiler-sfc": "2.7.16",
        "csstype": "^3.1.0"
      }
    },
    "vue-router": {
      "version": "3.6.5",
      "resolved": "http://localhost:4873/vue-router/-/vue-router-3.6.5.tgz",
      "integrity": "sha512-VYXZQLtjuvKxxcshuRAwjHnciqZVoXAjTjcqBTz4rKc8qih9g9pI3hbDjmqXaHdgL3v8pV6P8Z335XvHzESxLQ==",
      "dev": true
    },
    "vuex": {
      "version": "3.6.2",
      "resolved": "http://localhost:4873/vuex/-/vuex-3.6.2.tgz",
      "integrity": "sha512-ETW44IqCgBpVomy520DT5jf8n0zoCac+sxWnn+hMe/CzaSejb/eVw2YToiXYX+Ex/AuHHia28vWTq4goAexFbw==",
      "dev": true
    }
  }
}
